PATH
  remote: .
  specs:
    devex (0.3.5)
      tty-prompt (~> 0.23)

GEM
  remote: https://rubygems.org/
  specs:
    ansi (1.5.0)
    aruba (2.3.3)
      bundler (>= 1.17)
      contracts (>= 0.16.0, < 0.18.0)
      cucumber (>= 8.0, < 11.0)
      rspec-expectations (>= 3.4, < 5.0)
      thor (~> 1.0)
    ast (2.4.3)
    base64 (0.3.0)
    bigdecimal (3.3.1)
    builder (3.3.0)
    climate_control (1.2.0)
    contracts (0.17.2)
    cucumber (10.2.0)
      base64 (~> 0.2)
      builder (~> 3.2)
      cucumber-ci-environment (> 9, < 12)
      cucumber-core (> 15, < 17)
      cucumber-cucumber-expressions (> 17, < 20)
      cucumber-html-formatter (> 21, < 23)
      diff-lcs (~> 1.5)
      logger (~> 1.6)
      mini_mime (~> 1.1)
      multi_test (~> 1.1)
      sys-uname (~> 1.3)
    cucumber-ci-environment (11.0.0)
    cucumber-core (15.4.0)
      cucumber-gherkin (> 27, < 40)
      cucumber-messages (> 26, < 33)
      cucumber-tag-expressions (> 5, < 9)
    cucumber-cucumber-expressions (18.0.1)
      bigdecimal
    cucumber-gherkin (36.1.0)
      cucumber-messages (> 25, < 30)
    cucumber-html-formatter (22.2.0)
      cucumber-messages (> 19, < 31)
    cucumber-messages (29.0.1)
    cucumber-tag-expressions (8.1.0)
    diff-lcs (1.6.2)
    ffi (1.17.2)
    ffi (1.17.2-aarch64-linux-gnu)
    ffi (1.17.2-aarch64-linux-musl)
    ffi (1.17.2-arm-linux-gnu)
    ffi (1.17.2-arm-linux-musl)
    ffi (1.17.2-arm64-darwin)
    ffi (1.17.2-x86-linux-gnu)
    ffi (1.17.2-x86-linux-musl)
    ffi (1.17.2-x86_64-darwin)
    ffi (1.17.2-x86_64-linux-gnu)
    ffi (1.17.2-x86_64-linux-musl)
    json (2.18.0)
    language_server-protocol (3.17.0.5)
    lint_roller (1.1.0)
    logger (1.7.0)
    memoist3 (1.0.0)
    mini_mime (1.1.5)
    minitest (5.27.0)
    minitest-reporters (1.7.1)
      ansi
      builder
      minitest (>= 5.0)
      ruby-progressbar
    multi_test (1.1.0)
    parallel (1.27.0)
    parser (3.3.10.0)
      ast (~> 2.4.1)
      racc
    pastel (0.8.0)
      tty-color (~> 0.5)
    prism (1.6.0)
    prop_check (1.0.2)
    racc (1.8.1)
    rainbow (3.1.1)
    rake (13.3.1)
    regexp_parser (2.11.3)
    rspec-expectations (3.13.5)
      diff-lcs (>= 1.2.0, < 2.0)
      rspec-support (~> 3.13.0)
    rspec-support (3.13.6)
    rubocop (1.81.7)
      json (~> 2.3)
      language_server-protocol (~> 3.17.0.2)
      lint_roller (~> 1.1.0)
      parallel (~> 1.10)
      parser (>= 3.3.0.2)
      rainbow (>= 2.2.2, < 4.0)
      regexp_parser (>= 2.9.3, < 3.0)
      rubocop-ast (>= 1.47.1, < 2.0)
      ruby-progressbar (~> 1.7)
      unicode-display_width (>= 2.4.0, < 4.0)
    rubocop-ast (1.48.0)
      parser (>= 3.3.7.2)
      prism (~> 1.4)
    rubocop-minitest (0.38.2)
      lint_roller (~> 1.1)
      rubocop (>= 1.75.0, < 2.0)
      rubocop-ast (>= 1.38.0, < 2.0)
    rubocop-tablecop (0.2.0)
      lint_roller (~> 1.1)
      rubocop (>= 1.72)
    ruby-progressbar (1.13.0)
    sys-uname (1.4.1)
      ffi (~> 1.1)
      memoist3 (~> 1.0.0)
    thor (1.4.0)
    tty-color (0.6.0)
    tty-cursor (0.7.1)
    tty-prompt (0.23.1)
      pastel (~> 0.8)
      tty-reader (~> 0.8)
    tty-reader (0.9.0)
      tty-cursor (~> 0.7)
      tty-screen (~> 0.8)
      wisper (~> 2.0)
    tty-screen (0.8.2)
    unicode-display_width (3.2.0)
      unicode-emoji (~> 4.1)
    unicode-emoji (4.1.0)
    wisper (2.0.1)

PLATFORMS
  aarch64-linux-gnu
  aarch64-linux-musl
  arm-linux-gnu
  arm-linux-musl
  arm64-darwin
  ruby
  x86-linux-gnu
  x86-linux-musl
  x86_64-darwin
  x86_64-linux-gnu
  x86_64-linux-musl

DEPENDENCIES
  aruba (~> 2.2)
  climate_control (~> 1.2)
  devex!
  minitest (~> 5.20)
  minitest-reporters (~> 1.6)
  prop_check (~> 1.0)
  rake (~> 13.0)
  rubocop (~> 1.72)
  rubocop-minitest (~> 0.38.2)
  rubocop-tablecop (~> 0.2)
  tty-prompt (~> 0.23)

BUNDLED WITH
   2.5.22
